PODS:
  - Alamofire (5.4.1)
  - KakaoSDKAuth (2.5.3):
    - KakaoSDKCommon (= 2.5.3)
  - KakaoSDKCommon (2.5.3):
    - KakaoSDKCommon/Common (= 2.5.3)
    - KakaoSDKCommon/Network (= 2.5.3)
  - KakaoSDKCommon/Common (2.5.3)
  - KakaoSDKCommon/Network (2.5.3):
    - Alamofire (~> 5.1)
    - KakaoSDKCommon/Common (= 2.5.3)
  - KakaoSDKTalk (2.5.3):
    - KakaoSDKTemplate (= 2.5.3)
    - KakaoSDKUser (= 2.5.3)
  - KakaoSDKTemplate (2.5.3):
    - KakaoSDKCommon/Common (= 2.5.3)
  - KakaoSDKUser (2.5.3):
    - KakaoSDKAuth (= 2.5.3)
  - Kingfisher (6.3.0)

DEPENDENCIES:
  - Alamofire
  - KakaoSDKAuth
  - KakaoSDKCommon
  - KakaoSDKTalk
  - KakaoSDKUser
  - Kingfisher

SPEC REPOS:
  trunk:
    - Alamofire
    - KakaoSDKAuth
    - KakaoSDKCommon
    - KakaoSDKTalk
    - KakaoSDKTemplate
    - KakaoSDKUser
    - Kingfisher

SPEC CHECKSUMS:
  Alamofire: 2291f7d21ca607c491dd17642e5d40fdcda0e65c
  KakaoSDKAuth: b1a0b9a84c21c967c4139d221edce83a7f15cdfe
  KakaoSDKCommon: 08548932f6f570215ea038241a98157c0b3f7a8b
  KakaoSDKTalk: 58cf9c530cc8024ae2ed3839d40acd992ecaf909
  KakaoSDKTemplate: 5939681de6c24fd81e93bf824982e979e794f87e
  KakaoSDKUser: 5d2de71fe070455bbaaad6a37af3eb500fbc8972
  Kingfisher: 6c3df386db71d82c0817a429d2c9421a77396529

PODFILE CHECKSUM: 498666f9a41de687f013f912353f31150bf8fdf8

COCOAPODS: 1.10.1
